
<<<<<<< HEAD
Microsoft Visual Studio Solution File, Format Version 12.00
# Visual Studio 2015
Project("{FAE04EC0-301F-11D3-BF4B-00C04F79EFBC}") = "TalentumGameJam", "TalentumGameJam.csproj", "{67DAAEAD-0212-2422-CC21-FDAAF5AD03CE}"
=======
Microsoft Visual Studio Solution File, Format Version 11.00
# Visual Studio 2010
Project("{FAE04EC0-301F-11D3-BF4B-00C04F79EFBC}") = "TalentumGameJam", "Assembly-CSharp.csproj", "{C70C4142-9CA9-DC5E-2DCA-42F735DDE1EE}"
>>>>>>> d98dfd883048c30839997842baf62b392ee89e60
EndProject
Global
	GlobalSection(SolutionConfigurationPlatforms) = preSolution
		Debug|Any CPU = Debug|Any CPU
		Release|Any CPU = Release|Any CPU
	EndGlobalSection
	GlobalSection(ProjectConfigurationPlatforms) = postSolution
<<<<<<< HEAD
		{67DAAEAD-0212-2422-CC21-FDAAF5AD03CE}.Debug|Any CPU.ActiveCfg = Debug|Any CPU
		{67DAAEAD-0212-2422-CC21-FDAAF5AD03CE}.Debug|Any CPU.Build.0 = Debug|Any CPU
		{67DAAEAD-0212-2422-CC21-FDAAF5AD03CE}.Release|Any CPU.ActiveCfg = Release|Any CPU
		{67DAAEAD-0212-2422-CC21-FDAAF5AD03CE}.Release|Any CPU.Build.0 = Release|Any CPU
=======
		{C70C4142-9CA9-DC5E-2DCA-42F735DDE1EE}.Debug|Any CPU.ActiveCfg = Debug|Any CPU
		{C70C4142-9CA9-DC5E-2DCA-42F735DDE1EE}.Debug|Any CPU.Build.0 = Debug|Any CPU
		{C70C4142-9CA9-DC5E-2DCA-42F735DDE1EE}.Release|Any CPU.ActiveCfg = Release|Any CPU
		{C70C4142-9CA9-DC5E-2DCA-42F735DDE1EE}.Release|Any CPU.Build.0 = Release|Any CPU
>>>>>>> d98dfd883048c30839997842baf62b392ee89e60
	EndGlobalSection
	GlobalSection(SolutionProperties) = preSolution
		HideSolutionNode = FALSE
	EndGlobalSection
	GlobalSection(MonoDevelopProperties) = preSolution
		StartupItem = Assembly-CSharp.csproj
	EndGlobalSection
EndGlobal
